# THIS IS AN AUTOGENERATED FILE. DO NOT EDIT THIS FILE DIRECTLY.
# yarn lockfile v1


dom-serializer@^2.0.0:
  version "2.0.0"
  resolved "https://registry.yarnpkg.com/dom-serializer/-/dom-serializer-2.0.0.tgz#e41b802e1eedf9f6cae183ce5e622d789d7d8e53"
  integrity sha512-wIkAryiqt/nV5EQKqQpo3SToSOV9J0DnbJqwK7Wv/Trc92zIAYZ4FlMu+JPFW1DfGFt81ZTCGgDEabffXeLyJg==
  dependencies:
    domelementtype "^2.3.0"
    domhandler "^5.0.2"
    entities "^4.2.0"

domelementtype@^2.3.0:
  version "2.3.0"
  resolved "https://registry.yarnpkg.com/domelementtype/-/domelementtype-2.3.0.tgz#5c45e8e869952626331d7aab326d01daf65d589d"
  integrity sha512-OLETBj6w0OsagBwdXnPdN0cnMfF9opN69co+7ZrbfPGrdpPVNBUj02spi6B1N7wChLQiPn4CSH/zJvXw56gmHw==

domhandler@5.0.3, domhandler@^5.0.2, domhandler@^5.0.3:
  version "5.0.3"
  resolved "https://registry.yarnpkg.com/domhandler/-/domhandler-5.0.3.tgz#cc385f7f751f1d1fc650c21374804254538c7d31"
  integrity sha512-cgwlv/1iFQiFnU96XXgROh8xTeetsnJiDsTc7TYCLFd9+/WNkIqPTxiM/8pSd8VIrhXGTf1Ny1q1hquVqDJB5w==
  dependencies:
    domelementtype "^2.3.0"

domutils@^3.1.0:
  version "3.1.0"
  resolved "https://registry.yarnpkg.com/domutils/-/domutils-3.1.0.tgz#c47f551278d3dc4b0b1ab8cbb42d751a6f0d824e"
  integrity sha512-H78uMmQtI2AhgDJjWeQmHwJJ2bLPD3GMmO7Zja/ZZh84wkm+4ut+IUnUdRa8uCGX88DiVx1j6FRe1XfxEgjEZA==
  dependencies:
    dom-serializer "^2.0.0"
    domelementtype "^2.3.0"
    domhandler "^5.0.3"

entities@^4.2.0, entities@^4.5.0:
  version "4.5.0"
  resolved "https://registry.yarnpkg.com/entities/-/entities-4.5.0.tgz#5d268ea5e7113ec74c4d033b79ea5a35a488fb48"
  integrity sha512-V0hjH4dGPh9Ao5p0MoRY6BVqtwCjhz6vI5LT8AJ55H+4g9/4vbHx1I54fS0XuclLhDHArPQCiMjDxjaL8fPxhw==

html-dom-parser@5.0.3:
  version "5.0.3"
  resolved "https://registry.yarnpkg.com/html-dom-parser/-/html-dom-parser-5.0.3.tgz#823ecc15292c36cb1611213384c9eb2fbb085e5c"
  integrity sha512-slsc6ipw88OUZjAayRs5NTmfOQCwcUa3hNyk6AdsbQxY09H5Lr1Y3CZ4ZlconMKql3Ga6sWg3HMoUzo7KSItaQ==
  dependencies:
    domhandler "5.0.3"
    htmlparser2 "9.0.0"

html-react-parser@^5.0.0:
  version "5.0.1"
  resolved "https://registry.yarnpkg.com/html-react-parser/-/html-react-parser-5.0.1.tgz#823857a009db20843e8c9bcd4ae9834423901075"
  integrity sha512-NkwVCVrAtQIx9bkdBTecY1IMFKfz2cNGIOplW1snx47nqhaiguOGE2tPYEZZKC2KosTJIQ1KW8VvyzRImGMvPg==
  dependencies:
    domhandler "5.0.3"
    html-dom-parser "5.0.3"
    react-property "2.0.2"
    style-to-js "1.1.8"

htmlparser2@9.0.0:
  version "9.0.0"
  resolved "https://registry.yarnpkg.com/htmlparser2/-/htmlparser2-9.0.0.tgz#e431142b7eeb1d91672742dea48af8ac7140cddb"
  integrity sha512-uxbSI98wmFT/G4P2zXx4OVx04qWUmyFPrD2/CNepa2Zo3GPNaCaaxElDgwUrwYWkK1nr9fft0Ya8dws8coDLLQ==
  dependencies:
    domelementtype "^2.3.0"
    domhandler "^5.0.3"
    domutils "^3.1.0"
    entities "^4.5.0"

inline-style-parser@0.2.2:
  version "0.2.2"
  resolved "https://registry.yarnpkg.com/inline-style-parser/-/inline-style-parser-0.2.2.tgz#d498b4e6de0373458fc610ff793f6b14ebf45633"
  integrity sha512-EcKzdTHVe8wFVOGEYXiW9WmJXPjqi1T+234YpJr98RiFYKHV3cdy1+3mkTE+KHTHxFFLH51SfaGOoUdW+v7ViQ==

react-property@2.0.2:
  version "2.0.2"
  resolved "https://registry.yarnpkg.com/react-property/-/react-property-2.0.2.tgz#d5ac9e244cef564880a610bc8d868bd6f60fdda6"
  integrity sha512-+PbtI3VuDV0l6CleQMsx2gtK0JZbZKbpdu5ynr+lbsuvtmgbNcS3VM0tuY2QjFNOcWxvXeHjDpy42RO+4U2rug==

style-to-js@1.1.8:
  version "1.1.8"
  resolved "https://registry.yarnpkg.com/style-to-js/-/style-to-js-1.1.8.tgz#b3357ad6cbd7cc1216a432ce89c31e554d0861a7"
  integrity sha512-bPSspCXkkhETLXnEgDbaoWRWyv3lF2bj32YIc8IElok2IIMHUlZtQUrxYmAkKUNxpluhH0qnKWrmuoXUyTY12g==
  dependencies:
    style-to-object "1.0.3"

style-to-object@1.0.3:
  version "1.0.3"
  resolved "https://registry.yarnpkg.com/style-to-object/-/style-to-object-1.0.3.tgz#5ce90eb7f03ef5044bd70a3a23a3c1387fcac5b4"
  integrity sha512-xOpx7S53E0V3DpVsvt7ySvoiumRpfXiC99PUXLqGB3wiAnN9ybEIpuzlZ8LAZg+h1sl9JkEUwtSQXxcCgFqbbg==
  dependencies:
    inline-style-parser "0.2.2"
